{
    "_readme": [
        "This file locks the dependencies of your project to a known state",
        "Read more about it at https://getcomposer.org/doc/01-basic-usage.md#installing-dependencies",
        "This file is @generated automatically"
    ],
    "content-hash": "faa1cb1cf0491e3888ae4b06530b6579",
    "packages": [
        {
            "name": "azjezz/psl",
            "version": "0.1.0",
            "source": {
                "type": "git",
                "url": "https://github.com/azjezz/psl.git",
                "reference": "7c0f30dff93b59e439392211d6192efe84b0a2cc"
            },
            "dist": {
                "type": "zip",
                "url": "https://api.github.com/repos/azjezz/psl/zipball/7c0f30dff93b59e439392211d6192efe84b0a2cc",
                "reference": "7c0f30dff93b59e439392211d6192efe84b0a2cc",
                "shasum": ""
            },
            "require": {
                "ext-bcmath": "*",
                "ext-intl": "*",
                "ext-json": "*",
                "ext-mbstring": "*",
                "ext-sodium": "*",
                "php": "^7.4 || ^8.0"
            },
            "require-dev": {
                "friendsofphp/php-cs-fixer": "^2.17",
                "php-coveralls/php-coveralls": "^2.4",
                "phpunit/phpunit": "^9.5",
                "roave/security-advisories": "dev-master",
                "squizlabs/php_codesniffer": "^3.5",
                "vimeo/psalm": "dev-master"
            },
            "type": "library",
            "autoload": {
                "psr-4": {
                    "Psl\\": "src/Psl"
                },
                "files": [
                    "src/bootstrap.php"
                ]
            },
            "notification-url": "https://packagist.org/downloads/",
            "license": [
                "MIT"
            ],
            "authors": [
                {
                    "name": "azjezz",
                    "email": "azjezz@protonmail.com"
                }
            ],
            "description": "PHP Standard Library",
            "support": {
                "issues": "https://github.com/azjezz/psl/issues",
                "source": "https://github.com/azjezz/psl/tree/0.1.0"
            },
            "time": "2020-12-14T13:50:34+00:00"
        },
        {
            "name": "symfony/polyfill-ctype",
            "version": "v1.22.0",
            "source": {
                "type": "git",
                "url": "https://github.com/symfony/polyfill-ctype.git",
                "reference": "c6c942b1ac76c82448322025e084cadc56048b4e"
            },
            "dist": {
                "type": "zip",
                "url": "https://api.github.com/repos/symfony/polyfill-ctype/zipball/c6c942b1ac76c82448322025e084cadc56048b4e",
                "reference": "c6c942b1ac76c82448322025e084cadc56048b4e",
                "shasum": ""
            },
            "require": {
                "php": ">=7.1"
            },
            "suggest": {
                "ext-ctype": "For best performance"
            },
            "type": "library",
            "extra": {
                "branch-alias": {
                    "dev-main": "1.22-dev"
                },
                "thanks": {
                    "name": "symfony/polyfill",
                    "url": "https://github.com/symfony/polyfill"
                }
            },
            "autoload": {
                "psr-4": {
                    "Symfony\\Polyfill\\Ctype\\": ""
                },
                "files": [
                    "bootstrap.php"
                ]
            },
            "notification-url": "https://packagist.org/downloads/",
            "license": [
                "MIT"
            ],
            "authors": [
                {
                    "name": "Gert de Pagter",
                    "email": "BackEndTea@gmail.com"
                },
                {
                    "name": "Symfony Community",
                    "homepage": "https://symfony.com/contributors"
                }
            ],
            "description": "Symfony polyfill for ctype functions",
            "homepage": "https://symfony.com",
            "keywords": [
                "compatibility",
                "ctype",
                "polyfill",
                "portable"
            ],
            "support": {
                "source": "https://github.com/symfony/polyfill-ctype/tree/v1.22.0"
            },
            "funding": [
                {
                    "url": "https://symfony.com/sponsor",
                    "type": "custom"
                },
                {
                    "url": "https://github.com/fabpot",
                    "type": "github"
                },
                {
                    "url": "https://tidelift.com/funding/github/packagist/symfony/symfony",
                    "type": "tidelift"
                }
            ],
            "time": "2021-01-07T16:49:33+00:00"
        },
        {
            "name": "thecodingmachine/safe",
            "version": "v1.3.3",
            "source": {
                "type": "git",
                "url": "https://github.com/thecodingmachine/safe.git",
                "reference": "a8ab0876305a4cdaef31b2350fcb9811b5608dbc"
            },
            "dist": {
                "type": "zip",
                "url": "https://api.github.com/repos/thecodingmachine/safe/zipball/a8ab0876305a4cdaef31b2350fcb9811b5608dbc",
                "reference": "a8ab0876305a4cdaef31b2350fcb9811b5608dbc",
                "shasum": ""
            },
            "require": {
                "php": ">=7.2"
            },
            "require-dev": {
                "phpstan/phpstan": "^0.12",
                "squizlabs/php_codesniffer": "^3.2",
                "thecodingmachine/phpstan-strict-rules": "^0.12"
            },
            "type": "library",
            "extra": {
                "branch-alias": {
                    "dev-master": "0.1-dev"
                }
            },
            "autoload": {
                "psr-4": {
                    "Safe\\": [
                        "lib/",
                        "deprecated/",
                        "generated/"
                    ]
                },
                "files": [
                    "deprecated/apc.php",
                    "deprecated/libevent.php",
                    "deprecated/mssql.php",
                    "deprecated/stats.php",
                    "lib/special_cases.php",
                    "generated/apache.php",
                    "generated/apcu.php",
                    "generated/array.php",
                    "generated/bzip2.php",
                    "generated/calendar.php",
                    "generated/classobj.php",
                    "generated/com.php",
                    "generated/cubrid.php",
                    "generated/curl.php",
                    "generated/datetime.php",
                    "generated/dir.php",
                    "generated/eio.php",
                    "generated/errorfunc.php",
                    "generated/exec.php",
                    "generated/fileinfo.php",
                    "generated/filesystem.php",
                    "generated/filter.php",
                    "generated/fpm.php",
                    "generated/ftp.php",
                    "generated/funchand.php",
                    "generated/gmp.php",
                    "generated/gnupg.php",
                    "generated/hash.php",
                    "generated/ibase.php",
                    "generated/ibmDb2.php",
                    "generated/iconv.php",
                    "generated/image.php",
                    "generated/imap.php",
                    "generated/info.php",
                    "generated/ingres-ii.php",
                    "generated/inotify.php",
                    "generated/json.php",
                    "generated/ldap.php",
                    "generated/libxml.php",
                    "generated/lzf.php",
                    "generated/mailparse.php",
                    "generated/mbstring.php",
                    "generated/misc.php",
                    "generated/msql.php",
                    "generated/mysql.php",
                    "generated/mysqli.php",
                    "generated/mysqlndMs.php",
                    "generated/mysqlndQc.php",
                    "generated/network.php",
                    "generated/oci8.php",
                    "generated/opcache.php",
                    "generated/openssl.php",
                    "generated/outcontrol.php",
                    "generated/password.php",
                    "generated/pcntl.php",
                    "generated/pcre.php",
                    "generated/pdf.php",
                    "generated/pgsql.php",
                    "generated/posix.php",
                    "generated/ps.php",
                    "generated/pspell.php",
                    "generated/readline.php",
                    "generated/rpminfo.php",
                    "generated/rrd.php",
                    "generated/sem.php",
                    "generated/session.php",
                    "generated/shmop.php",
                    "generated/simplexml.php",
                    "generated/sockets.php",
                    "generated/sodium.php",
                    "generated/solr.php",
                    "generated/spl.php",
                    "generated/sqlsrv.php",
                    "generated/ssdeep.php",
                    "generated/ssh2.php",
                    "generated/stream.php",
                    "generated/strings.php",
                    "generated/swoole.php",
                    "generated/uodbc.php",
                    "generated/uopz.php",
                    "generated/url.php",
                    "generated/var.php",
                    "generated/xdiff.php",
                    "generated/xml.php",
                    "generated/xmlrpc.php",
                    "generated/yaml.php",
                    "generated/yaz.php",
                    "generated/zip.php",
                    "generated/zlib.php"
                ]
            },
            "notification-url": "https://packagist.org/downloads/",
            "license": [
                "MIT"
            ],
            "description": "PHP core functions that throw exceptions instead of returning FALSE on error",
            "support": {
                "issues": "https://github.com/thecodingmachine/safe/issues",
                "source": "https://github.com/thecodingmachine/safe/tree/v1.3.3"
            },
            "time": "2020-10-28T17:51:34+00:00"
        },
        {
            "name": "webmozart/assert",
            "version": "1.9.1",
            "source": {
                "type": "git",
                "url": "https://github.com/webmozart/assert.git",
                "reference": "bafc69caeb4d49c39fd0779086c03a3738cbb389"
            },
            "dist": {
                "type": "zip",
                "url": "https://api.github.com/repos/webmozart/assert/zipball/bafc69caeb4d49c39fd0779086c03a3738cbb389",
                "reference": "bafc69caeb4d49c39fd0779086c03a3738cbb389",
                "shasum": ""
            },
            "require": {
                "php": "^5.3.3 || ^7.0 || ^8.0",
                "symfony/polyfill-ctype": "^1.8"
            },
            "conflict": {
                "phpstan/phpstan": "<0.12.20",
                "vimeo/psalm": "<3.9.1"
            },
            "require-dev": {
                "phpunit/phpunit": "^4.8.36 || ^7.5.13"
            },
            "type": "library",
            "autoload": {
                "psr-4": {
                    "Webmozart\\Assert\\": "src/"
                }
            },
            "notification-url": "https://packagist.org/downloads/",
            "license": [
                "MIT"
            ],
            "authors": [
                {
                    "name": "Bernhard Schussek",
                    "email": "bschussek@gmail.com"
                }
            ],
            "description": "Assertions to validate method input/output with nice error messages.",
            "keywords": [
                "assert",
                "check",
                "validate"
            ],
            "support": {
                "issues": "https://github.com/webmozart/assert/issues",
                "source": "https://github.com/webmozart/assert/tree/master"
            },
            "time": "2020-07-08T17:02:28+00:00"
        }
    ],
    "packages-dev": [
        {
            "name": "veewee/composer-run-parallel",
            "version": "v0.1.0",
            "source": {
                "type": "git",
                "url": "https://github.com/veewee/composer-run-parallel.git",
                "reference": "e776154c2910cdc0b3b4400196fd2aa0b3da7251"
            },
            "dist": {
                "type": "zip",
                "url": "https://api.github.com/repos/veewee/composer-run-parallel/zipball/e776154c2910cdc0b3b4400196fd2aa0b3da7251",
                "reference": "e776154c2910cdc0b3b4400196fd2aa0b3da7251",
                "shasum": ""
            },
            "require": {
                "composer-plugin-api": "~2.0",
                "php": "^7.4 || ^8.0"
            },
            "require-dev": {
                "composer/composer": "^2.0",
                "react/promise": "1.2.1",
                "symfony/process": "2.8.52"
            },
            "type": "composer-plugin",
            "extra": {
                "class": "ComposerRunParallel\\ParallelPlugin"
            },
            "autoload": {
                "psr-4": {
                    "ComposerRunParallel\\": "src/"
                }
            },
            "notification-url": "https://packagist.org/downloads/",
            "license": [
                "MIT"
            ],
            "authors": [
                {
                    "name": "Toon Verwerft",
                    "email": "toonverwerft@gmail.com"
                }
            ],
            "description": "Run composer tasks in parallel",
            "keywords": [
                "composer",
                "parallel",
                "plugin",
                "run",
                "taskmanager"
            ],
            "support": {
                "issues": "https://github.com/veewee/composer-run-parallel/issues",
                "source": "https://github.com/veewee/composer-run-parallel/tree/v0.1.0"
            },
            "time": "2020-12-02T08:56:04+00:00"
        }
    ],
    "aliases": [],
    "minimum-stability": "stable",
    "stability-flags": [],
    "prefer-stable": false,
    "prefer-lowest": false,
    "platform": [],
    "platform-dev": [],
    "plugin-api-version": "2.0.0"
}
